
Microsoft Visual Studio Solution File, Format Version 12.00
# Visual Studio Version 16
VisualStudioVersion = 16.0.31624.102
MinimumVisualStudioVersion = 10.0.40219.1
Project("{FAE04EC0-301F-11D3-BF4B-00C04F79EFBC}") = "Play_Key_Voice", "Play_Key_Voice.csproj", "{71FFFFAF-A154-4A9A-8900-CC82D6A38939}"
EndProject
Project("{2150E333-8FDC-42A3-9474-1A3956D46DE8}") = "Solution Items", "Solution Items", "{4820308C-F63F-482A-87F8-034CD433AEF2}"
	ProjectSection(SolutionItems) = preProject
		.editorconfig = .editorconfig
	EndProjectSection
EndProject
Global
	GlobalSection(SolutionConfigurationPlatforms) = preSolution
		Debug|Any CPU = Debug|Any CPU
		Debug|x64 = Debug|x64
		Release|Any CPU = Release|Any CPU
		Release|x64 = Release|x64
	EndGlobalSection
	GlobalSection(ProjectConfigurationPlatforms) = postSolution
		{71FFFFAF-A154-4A9A-8900-CC82D6A38939}.Debug|Any CPU.ActiveCfg = Debug|x64
		{71FFFFAF-A154-4A9A-8900-CC82D6A38939}.Debug|Any CPU.Build.0 = Debug|x64
		{71FFFFAF-A154-4A9A-8900-CC82D6A38939}.Debug|x64.ActiveCfg = Debug|x64
		{71FFFFAF-A154-4A9A-8900-CC82D6A38939}.Debug|x64.Build.0 = Debug|x64
		{71FFFFAF-A154-4A9A-8900-CC82D6A38939}.Release|Any CPU.ActiveCfg = Release|Any CPU
		{71FFFFAF-A154-4A9A-8900-CC82D6A38939}.Release|Any CPU.Build.0 = Release|Any CPU
		{71FFFFAF-A154-4A9A-8900-CC82D6A38939}.Release|x64.ActiveCfg = Release|x64
		{71FFFFAF-A154-4A9A-8900-CC82D6A38939}.Release|x64.Build.0 = Release|x64
	EndGlobalSection
	GlobalSection(SolutionProperties) = preSolution
		HideSolutionNode = FALSE
	EndGlobalSection
	GlobalSection(ExtensibilityGlobals) = postSolution
		SolutionGuid = {26B2E70C-AB4E-4530-AF71-61D479163E84}
	EndGlobalSection
EndGlobal
